
Microsoft Visual Studio Solution File, Format Version 12.00
# Visual Studio Version 16
VisualStudioVersion = 16.0.33214.272
MinimumVisualStudioVersion = 10.0.40219.1
Project("{FAE04EC0-301F-11D3-BF4B-00C04F79EFBC}") = "CargoManagement.Admin", "CargoManagement.Admin.csproj", "{ACA3FAF9-915B-4CF7-B598-AEA097260522}"
EndProject
Global
	GlobalSection(SolutionConfigurationPlatforms) = preSolution
		Debug|Any CPU = Debug|Any CPU
		Release|Any CPU = Release|Any CPU
	EndGlobalSection
	GlobalSection(ProjectConfigurationPlatforms) = postSolution
		{ACA3FAF9-915B-4CF7-B598-AEA097260522}.Debug|Any CPU.ActiveCfg = Debug|Any CPU
		{ACA3FAF9-915B-4CF7-B598-AEA097260522}.Debug|Any CPU.Build.0 = Debug|Any CPU
		{ACA3FAF9-915B-4CF7-B598-AEA097260522}.Release|Any CPU.ActiveCfg = Release|Any CPU
		{ACA3FAF9-915B-4CF7-B598-AEA097260522}.Release|Any CPU.Build.0 = Release|Any CPU
	EndGlobalSection
	GlobalSection(SolutionProperties) = preSolution
		HideSolutionNode = FALSE
	EndGlobalSection
	GlobalSection(ExtensibilityGlobals) = postSolution
		SolutionGuid = {F27D6B13-2C53-48AA-979E-E300191F4B85}
	EndGlobalSection
EndGlobal
